
Microsoft Visual Studio Solution File, Format Version 12.00
# Visual Studio Version 17
VisualStudioVersion = 17.8.34408.163
MinimumVisualStudioVersion = 10.0.40219.1
Project("{FAE04EC0-301F-11D3-BF4B-00C04F79EFBC}") = "Mission5", "Mission5.csproj", "{E4911E13-88D5-410F-B68F-D2C24FEE798B}"
EndProject
Global
	GlobalSection(SolutionConfigurationPlatforms) = preSolution
		Debug|Any CPU = Debug|Any CPU
		Release|Any CPU = Release|Any CPU
	EndGlobalSection
	GlobalSection(ProjectConfigurationPlatforms) = postSolution
		{E4911E13-88D5-410F-B68F-D2C24FEE798B}.Debug|Any CPU.ActiveCfg = Debug|Any CPU
		{E4911E13-88D5-410F-B68F-D2C24FEE798B}.Debug|Any CPU.Build.0 = Debug|Any CPU
		{E4911E13-88D5-410F-B68F-D2C24FEE798B}.Release|Any CPU.ActiveCfg = Release|Any CPU
		{E4911E13-88D5-410F-B68F-D2C24FEE798B}.Release|Any CPU.Build.0 = Release|Any CPU
	EndGlobalSection
	GlobalSection(SolutionProperties) = preSolution
		HideSolutionNode = FALSE
	EndGlobalSection
	GlobalSection(ExtensibilityGlobals) = postSolution
		SolutionGuid = {E5495872-8FA6-4AB9-BF1A-4DF82797D16D}
	EndGlobalSection
EndGlobal
